
Microsoft Visual Studio Solution File, Format Version 12.00
# Visual Studio Version 17
VisualStudioVersion = 17.0.32014.148
MinimumVisualStudioVersion = 10.0.40219.1
Project("{FAE04EC0-301F-11D3-BF4B-00C04F79EFBC}") = "WpfApp1", "WpfApp1\WpfApp1.csproj", "{9780787B-8847-4A0C-B04B-F27C3EE3497E}"
EndProject
Global
	GlobalSection(SolutionConfigurationPlatforms) = preSolution
		Debug|Any CPU = Debug|Any CPU
		Release|Any CPU = Release|Any CPU
	EndGlobalSection
	GlobalSection(ProjectConfigurationPlatforms) = postSolution
		{9780787B-8847-4A0C-B04B-F27C3EE3497E}.Debug|Any CPU.ActiveCfg = Debug|Any CPU
		{9780787B-8847-4A0C-B04B-F27C3EE3497E}.Debug|Any CPU.Build.0 = Debug|Any CPU
		{9780787B-8847-4A0C-B04B-F27C3EE3497E}.Release|Any CPU.ActiveCfg = Release|Any CPU
		{9780787B-8847-4A0C-B04B-F27C3EE3497E}.Release|Any CPU.Build.0 = Release|Any CPU
	EndGlobalSection
	GlobalSection(SolutionProperties) = preSolution
		HideSolutionNode = FALSE
	EndGlobalSection
	GlobalSection(ExtensibilityGlobals) = postSolution
		SolutionGuid = {72E1A624-9F05-4E0F-9074-9D108698B0F5}
	EndGlobalSection
EndGlobal
